{
  "version": 4,
  "terraform_version": "1.13.3",
  "serial": 2,
  "lineage": "1ad1a279-4b95-c5b2-29c7-c61fe6b7569d",
  "outputs": {
    "lambda_function_arn": {
      "value": "arn:aws:lambda:us-west-2:511539536780:function:tf-extract-fetch-process",
      "type": "string"
    },
    "lambda_function_name": {
      "value": "tf-extract-fetch-process",
      "type": "string"
    }
  },
  "resources": [
    {
      "mode": "data",
      "type": "archive_file",
      "name": "lambda_zip",
      "provider": "provider[\"registry.terraform.io/hashicorp/archive\"]",
      "instances": [
        {
          "schema_version": 0,
          "attributes": {
            "exclude_symlink_directories": null,
            "excludes": null,
            "id": "ac9629beaf34a7152050928266fcf8cd0e6529e4",
            "output_base64sha256": "vsFDM9KstfIRHFsK1vjs4DzOz2DtvP1K2boJWjl6KHw=",
            "output_base64sha512": "pCHdNWZyIiboPFB3YVLYsUpOU05ZzOl4EhA8O0N7W2pMn53bAhgFSNz8kU6Bt1TZ6bGnggBKbxbkjRM/14ttdA==",
            "output_file_mode": null,
            "output_md5": "e785bd8967bbfab54df2714ffa76b622",
            "output_path": "./lambda_function.zip",
            "output_sha": "ac9629beaf34a7152050928266fcf8cd0e6529e4",
            "output_sha256": "bec14333d2acb5f2111c5b0ad6f8ece03ccecf60edbcfd4ad9ba095a397a287c",
            "output_sha512": "a421dd3566722226e83c50776152d8b14a4e534e59cce97812103c3b437b5b6a4c9f9ddb02180548dcfc914e81b754d9e9b1a782004a6f16e48d133fd78b6d74",
            "output_size": 8182,
            "source": [],
            "source_content": null,
            "source_content_filename": null,
            "source_dir": null,
            "source_file": "./src/lambda_function.py",
            "type": "zip"
          },
          "sensitive_attributes": [],
          "identity_schema_version": 0
        }
      ]
    },
    {
      "mode": "data",
      "type": "aws_iam_role",
      "name": "lambda_execution",
      "provider": "provider[\"registry.terraform.io/hashicorp/aws\"]",
      "instances": [
        {
          "schema_version": 0,
          "attributes": {
            "arn": "arn:aws:iam::511539536780:role/service-role/testPostgresConnection-role-zccjgjtd",
            "assume_role_policy": "{\"Version\":\"2012-10-17\",\"Statement\":[{\"Effect\":\"Allow\",\"Principal\":{\"Service\":\"lambda.amazonaws.com\"},\"Action\":\"sts:AssumeRole\"}]}",
            "create_date": "2024-12-04T15:45:34Z",
            "description": "",
            "id": "testPostgresConnection-role-zccjgjtd",
            "max_session_duration": 3600,
            "name": "testPostgresConnection-role-zccjgjtd",
            "path": "/service-role/",
            "permissions_boundary": "",
            "role_last_used": [
              {
                "last_used_date": "2025-09-26T00:02:51Z",
                "region": "us-west-2"
              }
            ],
            "tags": {},
            "unique_id": "AROAXOGRB4OGCPEUNA72G"
          },
          "sensitive_attributes": [],
          "identity_schema_version": 0
        }
      ]
    },
    {
      "mode": "data",
      "type": "aws_s3_bucket",
      "name": "trigger_bucket",
      "provider": "provider[\"registry.terraform.io/hashicorp/aws\"]",
      "instances": [
        {
          "schema_version": 0,
          "attributes": {
            "arn": "arn:aws:s3:::bloom-dev-data-team",
            "bucket": "bloom-dev-data-team",
            "bucket_domain_name": "bloom-dev-data-team.s3.amazonaws.com",
            "bucket_regional_domain_name": "bloom-dev-data-team.s3.us-west-2.amazonaws.com",
            "hosted_zone_id": "Z3BJ6K6RIION7M",
            "id": "bloom-dev-data-team",
            "region": "us-west-2",
            "website_domain": null,
            "website_endpoint": null
          },
          "sensitive_attributes": [],
          "identity_schema_version": 0
        }
      ]
    },
    {
      "mode": "managed",
      "type": "aws_lambda_function",
      "name": "main",
      "provider": "provider[\"registry.terraform.io/hashicorp/aws\"]",
      "instances": [
        {
          "schema_version": 0,
          "attributes": {
            "architectures": [
              "x86_64"
            ],
            "arn": "arn:aws:lambda:us-west-2:511539536780:function:tf-extract-fetch-process",
            "code_sha256": "vsFDM9KstfIRHFsK1vjs4DzOz2DtvP1K2boJWjl6KHw=",
            "code_signing_config_arn": "",
            "dead_letter_config": [],
            "description": "Terraform managed Lambda function for external fetch and process",
            "environment": [
              {
                "variables": {
                  "DO_SECRET_NAME": "etluser/dev/rds",
                  "ENV": "Prod",
                  "JOB_CLASS": "Ingest",
                  "JOB_NAME": "External-Fetch-Process",
                  "REGION": "us-west-2"
                }
              }
            ],
            "ephemeral_storage": [
              {
                "size": 512
              }
            ],
            "file_system_config": [],
            "filename": "./lambda_function.zip",
            "function_name": "tf-extract-fetch-process",
            "handler": "lambda_function.lambda_handler",
            "id": "tf-extract-fetch-process",
            "image_config": [],
            "image_uri": "",
            "invoke_arn": "arn:aws:apigateway:us-west-2:lambda:path/2015-03-31/functions/arn:aws:lambda:us-west-2:511539536780:function:tf-extract-fetch-process/invocations",
            "kms_key_arn": "",
            "last_modified": "2025-09-26T00:32:47.175+0000",
            "layers": [
              "arn:aws:lambda:us-west-2:511539536780:layer:psycopg2-layer-x86-64:6",
              "arn:aws:lambda:us-west-2:511539536780:layer:paramiko-layer:1",
              "arn:aws:lambda:us-west-2:511539536780:layer:requests-layer:1",
              "arn:aws:lambda:us-west-2:511539536780:layer:de_aws_utils-library:8"
            ],
            "logging_config": [
              {
                "application_log_level": "",
                "log_format": "Text",
                "log_group": "/aws/lambda/tf-extract-fetch-process",
                "system_log_level": ""
              }
            ],
            "memory_size": 256,
            "package_type": "Zip",
            "publish": false,
            "qualified_arn": "arn:aws:lambda:us-west-2:511539536780:function:tf-extract-fetch-process:$LATEST",
            "qualified_invoke_arn": "arn:aws:apigateway:us-west-2:lambda:path/2015-03-31/functions/arn:aws:lambda:us-west-2:511539536780:function:tf-extract-fetch-process:$LATEST/invocations",
            "replace_security_groups_on_destroy": null,
            "replacement_security_group_ids": null,
            "reserved_concurrent_executions": -1,
            "role": "arn:aws:iam::511539536780:role/service-role/testPostgresConnection-role-zccjgjtd",
            "runtime": "python3.11",
            "s3_bucket": null,
            "s3_key": null,
            "s3_object_version": null,
            "signing_job_arn": "",
            "signing_profile_version_arn": "",
            "skip_destroy": false,
            "snap_start": [],
            "source_code_hash": "vsFDM9KstfIRHFsK1vjs4DzOz2DtvP1K2boJWjl6KHw=",
            "source_code_size": 8182,
            "tags": null,
            "tags_all": {},
            "timeout": 300,
            "timeouts": null,
            "tracing_config": [
              {
                "mode": "PassThrough"
              }
            ],
            "version": "$LATEST",
            "vpc_config": [
              {
                "ipv6_allowed_for_dual_stack": false,
                "security_group_ids": [
                  "sg-08d131086aac5ab1c",
                  "sg-0952d40614dbba40e",
                  "sg-c39750bc"
                ],
                "subnet_ids": [
                  "subnet-88fe04f1",
                  "subnet-d8ce0e91"
                ],
                "vpc_id": "vpc-d83ab0bf"
              }
            ]
          },
          "sensitive_attributes": [],
          "identity_schema_version": 0,
          "private": "eyJlMmJmYjczMC1lY2FhLTExZTYtOGY4OC0zNDM2M2JjN2M0YzAiOnsiY3JlYXRlIjo2MDAwMDAwMDAwMDAsImRlbGV0ZSI6NjAwMDAwMDAwMDAwLCJ1cGRhdGUiOjYwMDAwMDAwMDAwMH19",
          "dependencies": [
            "data.archive_file.lambda_zip",
            "data.aws_iam_role.lambda_execution"
          ]
        }
      ]
    }
  ],
  "check_results": null
}
